// !$*UTF8*$!
{
	archiveVersion = 1;
	classes = {
	};
	objectVersion = 46;
	objects = {

/* Begin PBXBuildFile section */
		28A1A5661DC6619900091846 /* LeetcodeHardPart.c in Sources */ = {isa = PBXBuildFile; fileRef = 28A1A5641DC6619900091846 /* LeetcodeHardPart.c */; };
		28E980091C0EB3DB00D408F6 /* linked-list.c in Sources */ = {isa = PBXBuildFile; fileRef = 28E980071C0EB3DB00D408F6 /* linked-list.c */; };
		4E230CE91C1F78DB0079B81F /* Tree.c in Sources */ = {isa = PBXBuildFile; fileRef = 4E230CE71C1F78DB0079B81F /* Tree.c */; };
		4E230D101C1F8E550079B81F /* power-of-two.c in Sources */ = {isa = PBXBuildFile; fileRef = 4E230D0E1C1F8E550079B81F /* power-of-two.c */; };
		4E230D131C1F90A30079B81F /* ugly-number.c in Sources */ = {isa = PBXBuildFile; fileRef = 4E230D111C1F90A30079B81F /* ugly-number.c */; };
		4E230D191C1F98130079B81F /* excel-sheet-column-title.c in Sources */ = {isa = PBXBuildFile; fileRef = 4E230D171C1F98130079B81F /* excel-sheet-column-title.c */; };
		4E230D1A1C2312B70079B81F /* excel-sheet-column-number.c in Sources */ = {isa = PBXBuildFile; fileRef = 4E230D141C1F97E70079B81F /* excel-sheet-column-number.c */; };
		4E509D131D2C05DD0075FA2B /* LeetcodeEasyPart.c in Sources */ = {isa = PBXBuildFile; fileRef = 4E509D111D2C05DD0075FA2B /* LeetcodeEasyPart.c */; };
		4E579AE61C3931E700194C3B /* remove-element.c in Sources */ = {isa = PBXBuildFile; fileRef = 4E579AE41C3931E700194C3B /* remove-element.c */; };
		4E579AE91C395B1200194C3B /* majority-element.c in Sources */ = {isa = PBXBuildFile; fileRef = 4E579AE71C395B1200194C3B /* majority-element.c */; };
		4E85EC491C30B3EF003D35B4 /* Linked List Cycle.c in Sources */ = {isa = PBXBuildFile; fileRef = 4E85EC471C30B3EF003D35B4 /* Linked List Cycle.c */; };
		4E85EC4C1C30BA34003D35B4 /* Linked List Cycle II.c in Sources */ = {isa = PBXBuildFile; fileRef = 4E85EC4A1C30BA34003D35B4 /* Linked List Cycle II.c */; };
		4E94B7871C39725100095EDF /* roman-to-integer.c in Sources */ = {isa = PBXBuildFile; fileRef = 4E94B7851C39725100095EDF /* roman-to-integer.c */; };
		4E94B78D1C398D8800095EDF /* nim-game.c in Sources */ = {isa = PBXBuildFile; fileRef = 4E94B78B1C398D8800095EDF /* nim-game.c */; };
		4E94B7901C398E0000095EDF /* add-digits.c in Sources */ = {isa = PBXBuildFile; fileRef = 4E94B78E1C398E0000095EDF /* add-digits.c */; };
		4E94B7961C398ECD00095EDF /* delete-node-in-a-linked-list.c in Sources */ = {isa = PBXBuildFile; fileRef = 4E94B7941C398ECD00095EDF /* delete-node-in-a-linked-list.c */; };
		4E94B7991C398FAB00095EDF /* same-tree.c in Sources */ = {isa = PBXBuildFile; fileRef = 4E94B7971C398FAB00095EDF /* same-tree.c */; };
		4E9BF4391C263535002260D6 /* valid-anagram.c in Sources */ = {isa = PBXBuildFile; fileRef = 4E9BF4361C263219002260D6 /* valid-anagram.c */; };
		4E9BF43C1C2638EC002260D6 /* compare-version-numbers.c in Sources */ = {isa = PBXBuildFile; fileRef = 4E9BF43A1C2638EC002260D6 /* compare-version-numbers.c */; };
		4E9BF4421C2666CF002260D6 /* lowest-common-ancestor-of-a-binary-search-tree.c in Sources */ = {isa = PBXBuildFile; fileRef = 4E9BF4401C2666CF002260D6 /* lowest-common-ancestor-of-a-binary-search-tree.c */; };
		4E9BF4451C2678B1002260D6 /* reverse-linked-list.c in Sources */ = {isa = PBXBuildFile; fileRef = 4E9BF4431C2678B1002260D6 /* reverse-linked-list.c */; };
		4E9BF4481C2678D8002260D6 /* LinkedList.c in Sources */ = {isa = PBXBuildFile; fileRef = 4E9BF4461C2678D8002260D6 /* LinkedList.c */; };
		4E9BF44B1C2698DF002260D6 /* remove-duplicates-from-sorted-list.c in Sources */ = {isa = PBXBuildFile; fileRef = 4E9BF4491C2698DF002260D6 /* remove-duplicates-from-sorted-list.c */; };
		4E9BF44F1C26ABE0002260D6 /* climbing-stairs.c in Sources */ = {isa = PBXBuildFile; fileRef = 4E9BF44D1C26ABE0002260D6 /* climbing-stairs.c */; };
		4E9BF4521C26AE00002260D6 /* merge-two-sorted-lists.c in Sources */ = {isa = PBXBuildFile; fileRef = 4E9BF4501C26AE00002260D6 /* merge-two-sorted-lists.c */; };
		4EAC84241C3833A100E9AEB4 /* implement-queue-using-stacks.c in Sources */ = {isa = PBXBuildFile; fileRef = 4EAC84221C3833A100E9AEB4 /* implement-queue-using-stacks.c */; };
		4EBE83921C38EBC1001C1856 /* balanced-binary-tree.c in Sources */ = {isa = PBXBuildFile; fileRef = 4EBE83901C38EBC1001C1856 /* balanced-binary-tree.c */; };
		4ED5B4A51C1730E500787711 /* NumberArray.c in Sources */ = {isa = PBXBuildFile; fileRef = 4ED5B4A31C1730E500787711 /* NumberArray.c */; };
		4EDDABE01D3BAE6E00627EF6 /* LeetcodeMediumPart.c in Sources */ = {isa = PBXBuildFile; fileRef = 4EDDABDE1D3BAE6E00627EF6 /* LeetcodeMediumPart.c */; };
		4EE441011C097D8700F9088E /* main.c in Sources */ = {isa = PBXBuildFile; fileRef = 4EE441001C097D8700F9088E /* main.c */; };
		4EEBE7A21C3A9E7C00F68B6C /* house-robber.c in Sources */ = {isa = PBXBuildFile; fileRef = 4EEBE7A01C3A9E7C00F68B6C /* house-robber.c */; };
		4EEBE7A51C3AC86A00F68B6C /* remove-duplicates-from-sorted-array.c in Sources */ = {isa = PBXBuildFile; fileRef = 4EEBE7A31C3AC86A00F68B6C /* remove-duplicates-from-sorted-array.c */; };
/* End PBXBuildFile section */

/* Begin PBXCopyFilesBuildPhase section */
		4EE440FB1C097D8700F9088E /* CopyFiles */ = {
			isa = PBXCopyFilesBuildPhase;
			buildActionMask = 2147483647;
			dstPath = /usr/share/man/man1/;
			dstSubfolderSpec = 0;
			files = (
			);
			runOnlyForDeploymentPostprocessing = 1;
		};
/* End PBXCopyFilesBuildPhase section */

/* Begin PBXFileReference section */
		28A1A5641DC6619900091846 /* LeetcodeHardPart.c */ = {isa = PBXFileReference; fileEncoding = 4; lastKnownFileType = sourcecode.c.c; path = LeetcodeHardPart.c; sourceTree = "<group>"; };
		28A1A5651DC6619900091846 /* LeetcodeHardPart.h */ = {isa = PBXFileReference; fileEncoding = 4; lastKnownFileType = sourcecode.c.h; path = LeetcodeHardPart.h; sourceTree = "<group>"; };
		28E980071C0EB3DB00D408F6 /* linked-list.c */ = {isa = PBXFileReference; fileEncoding = 4; lastKnownFileType = sourcecode.c.c; path = "linked-list.c"; sourceTree = "<group>"; };
		28E980081C0EB3DB00D408F6 /* linked-list.h */ = {isa = PBXFileReference; fileEncoding = 4; lastKnownFileType = sourcecode.c.h; path = "linked-list.h"; sourceTree = "<group>"; };
		4E230CE71C1F78DB0079B81F /* Tree.c */ = {isa = PBXFileReference; fileEncoding = 4; lastKnownFileType = sourcecode.c.c; path = Tree.c; sourceTree = "<group>"; };
		4E230CE81C1F78DB0079B81F /* Tree.h */ = {isa = PBXFileReference; fileEncoding = 4; lastKnownFileType = sourcecode.c.h; path = Tree.h; sourceTree = "<group>"; };
		4E230D051C1F8E0A0079B81F /* zigzag-conversion.c */ = {isa = PBXFileReference; lastKnownFileType = sourcecode.c.c; path = "zigzag-conversion.c"; sourceTree = "<group>"; };
		4E230D061C1F8E0A0079B81F /* zigzag-conversion.h */ = {isa = PBXFileReference; lastKnownFileType = sourcecode.c.h; path = "zigzag-conversion.h"; sourceTree = "<group>"; };
		4E230D081C1F8E0A0079B81F /* add-two-numbers.c */ = {isa = PBXFileReference; lastKnownFileType = sourcecode.c.c; path = "add-two-numbers.c"; sourceTree = "<group>"; };
		4E230D091C1F8E0A0079B81F /* add-two-numbers.h */ = {isa = PBXFileReference; lastKnownFileType = sourcecode.c.h; path = "add-two-numbers.h"; sourceTree = "<group>"; };
		4E230D0A1C1F8E0A0079B81F /* longest-substring-without-repeating-characters.c */ = {isa = PBXFileReference; lastKnownFileType = sourcecode.c.c; path = "longest-substring-without-repeating-characters.c"; sourceTree = "<group>"; };
		4E230D0B1C1F8E0A0079B81F /* longest-substring-without-repeating-characters.h */ = {isa = PBXFileReference; lastKnownFileType = sourcecode.c.h; path = "longest-substring-without-repeating-characters.h"; sourceTree = "<group>"; };
		4E230D0C1C1F8E0A0079B81F /* two-sum.c */ = {isa = PBXFileReference; lastKnownFileType = sourcecode.c.c; path = "two-sum.c"; sourceTree = "<group>"; };
		4E230D0D1C1F8E0A0079B81F /* two-sum.h */ = {isa = PBXFileReference; lastKnownFileType = sourcecode.c.h; path = "two-sum.h"; sourceTree = "<group>"; };
		4E230D0E1C1F8E550079B81F /* power-of-two.c */ = {isa = PBXFileReference; fileEncoding = 4; lastKnownFileType = sourcecode.c.c; path = "power-of-two.c"; sourceTree = "<group>"; };
		4E230D0F1C1F8E550079B81F /* power-of-two.h */ = {isa = PBXFileReference; fileEncoding = 4; lastKnownFileType = sourcecode.c.h; path = "power-of-two.h"; sourceTree = "<group>"; };
		4E230D111C1F90A30079B81F /* ugly-number.c */ = {isa = PBXFileReference; fileEncoding = 4; lastKnownFileType = sourcecode.c.c; path = "ugly-number.c"; sourceTree = "<group>"; };
		4E230D121C1F90A30079B81F /* ugly-number.h */ = {isa = PBXFileReference; fileEncoding = 4; lastKnownFileType = sourcecode.c.h; path = "ugly-number.h"; sourceTree = "<group>"; };
		4E230D141C1F97E70079B81F /* excel-sheet-column-number.c */ = {isa = PBXFileReference; fileEncoding = 4; lastKnownFileType = sourcecode.c.c; path = "excel-sheet-column-number.c"; sourceTree = "<group>"; };
		4E230D151C1F97E70079B81F /* excel-sheet-column-number.h */ = {isa = PBXFileReference; fileEncoding = 4; lastKnownFileType = sourcecode.c.h; path = "excel-sheet-column-number.h"; sourceTree = "<group>"; };
		4E230D171C1F98130079B81F /* excel-sheet-column-title.c */ = {isa = PBXFileReference; fileEncoding = 4; lastKnownFileType = sourcecode.c.c; path = "excel-sheet-column-title.c"; sourceTree = "<group>"; };
		4E230D181C1F98130079B81F /* excel-sheet-column-title.h */ = {isa = PBXFileReference; fileEncoding = 4; lastKnownFileType = sourcecode.c.h; path = "excel-sheet-column-title.h"; sourceTree = "<group>"; };
		4E509D111D2C05DD0075FA2B /* LeetcodeEasyPart.c */ = {isa = PBXFileReference; fileEncoding = 4; lastKnownFileType = sourcecode.c.c; path = LeetcodeEasyPart.c; sourceTree = "<group>"; };
		4E509D121D2C05DD0075FA2B /* LeetcodeEasyPart.h */ = {isa = PBXFileReference; fileEncoding = 4; lastKnownFileType = sourcecode.c.h; path = LeetcodeEasyPart.h; sourceTree = "<group>"; };
		4E579AE41C3931E700194C3B /* remove-element.c */ = {isa = PBXFileReference; fileEncoding = 4; lastKnownFileType = sourcecode.c.c; path = "remove-element.c"; sourceTree = "<group>"; };
		4E579AE51C3931E700194C3B /* remove-element.h */ = {isa = PBXFileReference; fileEncoding = 4; lastKnownFileType = sourcecode.c.h; path = "remove-element.h"; sourceTree = "<group>"; };
		4E579AE71C395B1200194C3B /* majority-element.c */ = {isa = PBXFileReference; fileEncoding = 4; lastKnownFileType = sourcecode.c.c; path = "majority-element.c"; sourceTree = "<group>"; };
		4E579AE81C395B1200194C3B /* majority-element.h */ = {isa = PBXFileReference; fileEncoding = 4; lastKnownFileType = sourcecode.c.h; path = "majority-element.h"; sourceTree = "<group>"; };
		4E85EC471C30B3EF003D35B4 /* Linked List Cycle.c */ = {isa = PBXFileReference; fileEncoding = 4; lastKnownFileType = sourcecode.c.c; path = "Linked List Cycle.c"; sourceTree = "<group>"; };
		4E85EC481C30B3EF003D35B4 /* Linked List Cycle.h */ = {isa = PBXFileReference; fileEncoding = 4; lastKnownFileType = sourcecode.c.h; path = "Linked List Cycle.h"; sourceTree = "<group>"; };
		4E85EC4A1C30BA34003D35B4 /* Linked List Cycle II.c */ = {isa = PBXFileReference; fileEncoding = 4; lastKnownFileType = sourcecode.c.c; path = "Linked List Cycle II.c"; sourceTree = "<group>"; };
		4E85EC4B1C30BA34003D35B4 /* Linked List Cycle II.h */ = {isa = PBXFileReference; fileEncoding = 4; lastKnownFileType = sourcecode.c.h; path = "Linked List Cycle II.h"; sourceTree = "<group>"; };
		4E94B7851C39725100095EDF /* roman-to-integer.c */ = {isa = PBXFileReference; fileEncoding = 4; lastKnownFileType = sourcecode.c.c; path = "roman-to-integer.c"; sourceTree = "<group>"; };
		4E94B7861C39725100095EDF /* roman-to-integer.h */ = {isa = PBXFileReference; fileEncoding = 4; lastKnownFileType = sourcecode.c.h; path = "roman-to-integer.h"; sourceTree = "<group>"; };
		4E94B78B1C398D8800095EDF /* nim-game.c */ = {isa = PBXFileReference; fileEncoding = 4; lastKnownFileType = sourcecode.c.c; path = "nim-game.c"; sourceTree = "<group>"; };
		4E94B78C1C398D8800095EDF /* nim-game.h */ = {isa = PBXFileReference; fileEncoding = 4; lastKnownFileType = sourcecode.c.h; path = "nim-game.h"; sourceTree = "<group>"; };
		4E94B78E1C398E0000095EDF /* add-digits.c */ = {isa = PBXFileReference; fileEncoding = 4; lastKnownFileType = sourcecode.c.c; path = "add-digits.c"; sourceTree = "<group>"; };
		4E94B78F1C398E0000095EDF /* add-digits.h */ = {isa = PBXFileReference; fileEncoding = 4; lastKnownFileType = sourcecode.c.h; path = "add-digits.h"; sourceTree = "<group>"; };
		4E94B7941C398ECD00095EDF /* delete-node-in-a-linked-list.c */ = {isa = PBXFileReference; fileEncoding = 4; lastKnownFileType = sourcecode.c.c; path = "delete-node-in-a-linked-list.c"; sourceTree = "<group>"; };
		4E94B7951C398ECD00095EDF /* delete-node-in-a-linked-list.h */ = {isa = PBXFileReference; fileEncoding = 4; lastKnownFileType = sourcecode.c.h; path = "delete-node-in-a-linked-list.h"; sourceTree = "<group>"; };
		4E94B7971C398FAB00095EDF /* same-tree.c */ = {isa = PBXFileReference; fileEncoding = 4; lastKnownFileType = sourcecode.c.c; path = "same-tree.c"; sourceTree = "<group>"; };
		4E94B7981C398FAB00095EDF /* same-tree.h */ = {isa = PBXFileReference; fileEncoding = 4; lastKnownFileType = sourcecode.c.h; path = "same-tree.h"; sourceTree = "<group>"; };
		4E9BF4361C263219002260D6 /* valid-anagram.c */ = {isa = PBXFileReference; fileEncoding = 4; lastKnownFileType = sourcecode.c.c; path = "valid-anagram.c"; sourceTree = "<group>"; };
		4E9BF4371C263219002260D6 /* valid-anagram.h */ = {isa = PBXFileReference; fileEncoding = 4; lastKnownFileType = sourcecode.c.h; path = "valid-anagram.h"; sourceTree = "<group>"; };
		4E9BF43A1C2638EC002260D6 /* compare-version-numbers.c */ = {isa = PBXFileReference; fileEncoding = 4; lastKnownFileType = sourcecode.c.c; path = "compare-version-numbers.c"; sourceTree = "<group>"; };
		4E9BF43B1C2638EC002260D6 /* compare-version-numbers.h */ = {isa = PBXFileReference; fileEncoding = 4; lastKnownFileType = sourcecode.c.h; path = "compare-version-numbers.h"; sourceTree = "<group>"; };
		4E9BF4401C2666CF002260D6 /* lowest-common-ancestor-of-a-binary-search-tree.c */ = {isa = PBXFileReference; fileEncoding = 4; lastKnownFileType = sourcecode.c.c; path = "lowest-common-ancestor-of-a-binary-search-tree.c"; sourceTree = "<group>"; };
		4E9BF4411C2666CF002260D6 /* lowest-common-ancestor-of-a-binary-search-tree.h */ = {isa = PBXFileReference; fileEncoding = 4; lastKnownFileType = sourcecode.c.h; path = "lowest-common-ancestor-of-a-binary-search-tree.h"; sourceTree = "<group>"; };
		4E9BF4431C2678B1002260D6 /* reverse-linked-list.c */ = {isa = PBXFileReference; fileEncoding = 4; lastKnownFileType = sourcecode.c.c; path = "reverse-linked-list.c"; sourceTree = "<group>"; };
		4E9BF4441C2678B1002260D6 /* reverse-linked-list.h */ = {isa = PBXFileReference; fileEncoding = 4; lastKnownFileType = sourcecode.c.h; path = "reverse-linked-list.h"; sourceTree = "<group>"; };
		4E9BF4461C2678D8002260D6 /* LinkedList.c */ = {isa = PBXFileReference; fileEncoding = 4; lastKnownFileType = sourcecode.c.c; path = LinkedList.c; sourceTree = "<group>"; };
		4E9BF4471C2678D8002260D6 /* LinkedList.h */ = {isa = PBXFileReference; fileEncoding = 4; lastKnownFileType = sourcecode.c.h; path = LinkedList.h; sourceTree = "<group>"; };
		4E9BF4491C2698DF002260D6 /* remove-duplicates-from-sorted-list.c */ = {isa = PBXFileReference; fileEncoding = 4; lastKnownFileType = sourcecode.c.c; path = "remove-duplicates-from-sorted-list.c"; sourceTree = "<group>"; };
		4E9BF44A1C2698DF002260D6 /* remove-duplicates-from-sorted-list.h */ = {isa = PBXFileReference; fileEncoding = 4; lastKnownFileType = sourcecode.c.h; path = "remove-duplicates-from-sorted-list.h"; sourceTree = "<group>"; };
		4E9BF44D1C26ABE0002260D6 /* climbing-stairs.c */ = {isa = PBXFileReference; fileEncoding = 4; lastKnownFileType = sourcecode.c.c; path = "climbing-stairs.c"; sourceTree = "<group>"; };
		4E9BF44E1C26ABE0002260D6 /* climbing-stairs.h */ = {isa = PBXFileReference; fileEncoding = 4; lastKnownFileType = sourcecode.c.h; path = "climbing-stairs.h"; sourceTree = "<group>"; };
		4E9BF4501C26AE00002260D6 /* merge-two-sorted-lists.c */ = {isa = PBXFileReference; fileEncoding = 4; lastKnownFileType = sourcecode.c.c; path = "merge-two-sorted-lists.c"; sourceTree = "<group>"; };
		4E9BF4511C26AE00002260D6 /* merge-two-sorted-lists.h */ = {isa = PBXFileReference; fileEncoding = 4; lastKnownFileType = sourcecode.c.h; path = "merge-two-sorted-lists.h"; sourceTree = "<group>"; };
		4EAC84221C3833A100E9AEB4 /* implement-queue-using-stacks.c */ = {isa = PBXFileReference; fileEncoding = 4; lastKnownFileType = sourcecode.c.c; path = "implement-queue-using-stacks.c"; sourceTree = "<group>"; };
		4EAC84231C3833A100E9AEB4 /* implement-queue-using-stacks.h */ = {isa = PBXFileReference; fileEncoding = 4; lastKnownFileType = sourcecode.c.h; path = "implement-queue-using-stacks.h"; sourceTree = "<group>"; };
		4EBE83901C38EBC1001C1856 /* balanced-binary-tree.c */ = {isa = PBXFileReference; fileEncoding = 4; lastKnownFileType = sourcecode.c.c; path = "balanced-binary-tree.c"; sourceTree = "<group>"; };
		4EBE83911C38EBC1001C1856 /* balanced-binary-tree.h */ = {isa = PBXFileReference; fileEncoding = 4; lastKnownFileType = sourcecode.c.h; path = "balanced-binary-tree.h"; sourceTree = "<group>"; };
		4ED5B4A21C1730D100787711 /* PublicUtilize.h */ = {isa = PBXFileReference; lastKnownFileType = sourcecode.c.h; path = PublicUtilize.h; sourceTree = "<group>"; };
		4ED5B4A31C1730E500787711 /* NumberArray.c */ = {isa = PBXFileReference; fileEncoding = 4; lastKnownFileType = sourcecode.c.c; path = NumberArray.c; sourceTree = "<group>"; };
		4ED5B4A41C1730E500787711 /* NumberArray.h */ = {isa = PBXFileReference; fileEncoding = 4; lastKnownFileType = sourcecode.c.h; path = NumberArray.h; sourceTree = "<group>"; };
		4EDDABDE1D3BAE6E00627EF6 /* LeetcodeMediumPart.c */ = {isa = PBXFileReference; fileEncoding = 4; lastKnownFileType = sourcecode.c.c; path = LeetcodeMediumPart.c; sourceTree = "<group>"; };
		4EDDABDF1D3BAE6E00627EF6 /* LeetcodeMediumPart.h */ = {isa = PBXFileReference; fileEncoding = 4; lastKnownFileType = sourcecode.c.h; path = LeetcodeMediumPart.h; sourceTree = "<group>"; };
		4EE440FD1C097D8700F9088E /* LeetCode_C */ = {isa = PBXFileReference; explicitFileType = "compiled.mach-o.executable"; includeInIndex = 0; path = LeetCode_C; sourceTree = BUILT_PRODUCTS_DIR; };
		4EE441001C097D8700F9088E /* main.c */ = {isa = PBXFileReference; lastKnownFileType = sourcecode.c.c; path = main.c; sourceTree = "<group>"; };
		4EEBE7A01C3A9E7C00F68B6C /* house-robber.c */ = {isa = PBXFileReference; fileEncoding = 4; lastKnownFileType = sourcecode.c.c; path = "house-robber.c"; sourceTree = "<group>"; };
		4EEBE7A11C3A9E7C00F68B6C /* house-robber.h */ = {isa = PBXFileReference; fileEncoding = 4; lastKnownFileType = sourcecode.c.h; path = "house-robber.h"; sourceTree = "<group>"; };
		4EEBE7A31C3AC86A00F68B6C /* remove-duplicates-from-sorted-array.c */ = {isa = PBXFileReference; fileEncoding = 4; lastKnownFileType = sourcecode.c.c; path = "remove-duplicates-from-sorted-array.c"; sourceTree = "<group>"; };
		4EEBE7A41C3AC86A00F68B6C /* remove-duplicates-from-sorted-array.h */ = {isa = PBXFileReference; fileEncoding = 4; lastKnownFileType = sourcecode.c.h; path = "remove-duplicates-from-sorted-array.h"; sourceTree = "<group>"; };
/* End PBXFileReference section */

/* Begin PBXFrameworksBuildPhase section */
		4EE440FA1C097D8700F9088E /* Frameworks */ = {
			isa = PBXFrameworksBuildPhase;
			buildActionMask = 2147483647;
			files = (
			);
			runOnlyForDeploymentPostprocessing = 0;
		};
/* End PBXFrameworksBuildPhase section */

/* Begin PBXGroup section */
		28E980061C0EB3DB00D408F6 /* Classic Algorithm */ = {
			isa = PBXGroup;
			children = (
				28E980071C0EB3DB00D408F6 /* linked-list.c */,
				28E980081C0EB3DB00D408F6 /* linked-list.h */,
			);
			path = "Classic Algorithm";
			sourceTree = "<group>";
		};
		4E230CF61C1F8E0A0079B81F /* Leetcode-Easy */ = {
			isa = PBXGroup;
			children = (
				4E230D051C1F8E0A0079B81F /* zigzag-conversion.c */,
				4E230D061C1F8E0A0079B81F /* zigzag-conversion.h */,
				4E230D0E1C1F8E550079B81F /* power-of-two.c */,
				4E230D0F1C1F8E550079B81F /* power-of-two.h */,
				4E230D111C1F90A30079B81F /* ugly-number.c */,
				4E230D121C1F90A30079B81F /* ugly-number.h */,
				4E230D141C1F97E70079B81F /* excel-sheet-column-number.c */,
				4E230D151C1F97E70079B81F /* excel-sheet-column-number.h */,
				4E230D171C1F98130079B81F /* excel-sheet-column-title.c */,
				4E230D181C1F98130079B81F /* excel-sheet-column-title.h */,
				4E9BF4361C263219002260D6 /* valid-anagram.c */,
				4E9BF4371C263219002260D6 /* valid-anagram.h */,
				4E9BF43A1C2638EC002260D6 /* compare-version-numbers.c */,
				4E9BF43B1C2638EC002260D6 /* compare-version-numbers.h */,
				4E9BF4401C2666CF002260D6 /* lowest-common-ancestor-of-a-binary-search-tree.c */,
				4E9BF4411C2666CF002260D6 /* lowest-common-ancestor-of-a-binary-search-tree.h */,
				4E9BF4431C2678B1002260D6 /* reverse-linked-list.c */,
				4E9BF4441C2678B1002260D6 /* reverse-linked-list.h */,
				4E9BF4491C2698DF002260D6 /* remove-duplicates-from-sorted-list.c */,
				4E9BF44A1C2698DF002260D6 /* remove-duplicates-from-sorted-list.h */,
				4E9BF44D1C26ABE0002260D6 /* climbing-stairs.c */,
				4E9BF44E1C26ABE0002260D6 /* climbing-stairs.h */,
				4E9BF4501C26AE00002260D6 /* merge-two-sorted-lists.c */,
				4E9BF4511C26AE00002260D6 /* merge-two-sorted-lists.h */,
				4EAC84221C3833A100E9AEB4 /* implement-queue-using-stacks.c */,
				4EAC84231C3833A100E9AEB4 /* implement-queue-using-stacks.h */,
				4EBE83901C38EBC1001C1856 /* balanced-binary-tree.c */,
				4EBE83911C38EBC1001C1856 /* balanced-binary-tree.h */,
				4E579AE41C3931E700194C3B /* remove-element.c */,
				4E579AE51C3931E700194C3B /* remove-element.h */,
				4E579AE71C395B1200194C3B /* majority-element.c */,
				4E579AE81C395B1200194C3B /* majority-element.h */,
				4E94B7851C39725100095EDF /* roman-to-integer.c */,
				4E94B7861C39725100095EDF /* roman-to-integer.h */,
				4E94B78B1C398D8800095EDF /* nim-game.c */,
				4E94B78C1C398D8800095EDF /* nim-game.h */,
				4E94B78E1C398E0000095EDF /* add-digits.c */,
				4E94B78F1C398E0000095EDF /* add-digits.h */,
				4E94B7941C398ECD00095EDF /* delete-node-in-a-linked-list.c */,
				4E94B7951C398ECD00095EDF /* delete-node-in-a-linked-list.h */,
				4E94B7971C398FAB00095EDF /* same-tree.c */,
				4E94B7981C398FAB00095EDF /* same-tree.h */,
				4EEBE7A01C3A9E7C00F68B6C /* house-robber.c */,
				4EEBE7A11C3A9E7C00F68B6C /* house-robber.h */,
				4EEBE7A31C3AC86A00F68B6C /* remove-duplicates-from-sorted-array.c */,
				4EEBE7A41C3AC86A00F68B6C /* remove-duplicates-from-sorted-array.h */,
				4E509D111D2C05DD0075FA2B /* LeetcodeEasyPart.c */,
				4E509D121D2C05DD0075FA2B /* LeetcodeEasyPart.h */,
				28A1A5641DC6619900091846 /* LeetcodeHardPart.c */,
				28A1A5651DC6619900091846 /* LeetcodeHardPart.h */,
			);
			path = "Leetcode-Easy";
			sourceTree = "<group>";
		};
		4E230D071C1F8E0A0079B81F /* Leetcode-Medium */ = {
			isa = PBXGroup;
			children = (
				4E230D081C1F8E0A0079B81F /* add-two-numbers.c */,
				4E230D091C1F8E0A0079B81F /* add-two-numbers.h */,
				4E230D0A1C1F8E0A0079B81F /* longest-substring-without-repeating-characters.c */,
				4E230D0B1C1F8E0A0079B81F /* longest-substring-without-repeating-characters.h */,
				4E230D0C1C1F8E0A0079B81F /* two-sum.c */,
				4E230D0D1C1F8E0A0079B81F /* two-sum.h */,
				4E85EC471C30B3EF003D35B4 /* Linked List Cycle.c */,
				4E85EC481C30B3EF003D35B4 /* Linked List Cycle.h */,
				4E85EC4A1C30BA34003D35B4 /* Linked List Cycle II.c */,
				4E85EC4B1C30BA34003D35B4 /* Linked List Cycle II.h */,
				4EDDABDE1D3BAE6E00627EF6 /* LeetcodeMediumPart.c */,
				4EDDABDF1D3BAE6E00627EF6 /* LeetcodeMediumPart.h */,
			);
			path = "Leetcode-Medium";
			sourceTree = "<group>";
		};
		4ED5B4A11C1730BF00787711 /* PublicUtilize */ = {
			isa = PBXGroup;
			children = (
				4ED5B4A21C1730D100787711 /* PublicUtilize.h */,
				4ED5B4A41C1730E500787711 /* NumberArray.h */,
				4ED5B4A31C1730E500787711 /* NumberArray.c */,
				4E230CE81C1F78DB0079B81F /* Tree.h */,
				4E230CE71C1F78DB0079B81F /* Tree.c */,
				4E9BF4461C2678D8002260D6 /* LinkedList.c */,
				4E9BF4471C2678D8002260D6 /* LinkedList.h */,
			);
			path = PublicUtilize;
			sourceTree = "<group>";
		};
		4EE440F41C097D8700F9088E = {
			isa = PBXGroup;
			children = (
				4EE440FF1C097D8700F9088E /* LeetCode_C */,
				4EE440FE1C097D8700F9088E /* Products */,
			);
			sourceTree = "<group>";
		};
		4EE440FE1C097D8700F9088E /* Products */ = {
			isa = PBXGroup;
			children = (
				4EE440FD1C097D8700F9088E /* LeetCode_C */,
			);
			name = Products;
			sourceTree = "<group>";
		};
		4EE440FF1C097D8700F9088E /* LeetCode_C */ = {
			isa = PBXGroup;
			children = (
				4ED5B4A11C1730BF00787711 /* PublicUtilize */,
				28E980061C0EB3DB00D408F6 /* Classic Algorithm */,
				4E230CF61C1F8E0A0079B81F /* Leetcode-Easy */,
				4E230D071C1F8E0A0079B81F /* Leetcode-Medium */,
				4EE441001C097D8700F9088E /* main.c */,
			);
			path = LeetCode_C;
			sourceTree = "<group>";
		};
/* End PBXGroup section */

/* Begin PBXNativeTarget section */
		4EE440FC1C097D8700F9088E /* LeetCode_C */ = {
			isa = PBXNativeTarget;
			buildConfigurationList = 4EE441041C097D8700F9088E /* Build configuration list for PBXNativeTarget "LeetCode_C" */;
			buildPhases = (
				4EE440F91C097D8700F9088E /* Sources */,
				4EE440FA1C097D8700F9088E /* Frameworks */,
				4EE440FB1C097D8700F9088E /* CopyFiles */,
			);
			buildRules = (
			);
			dependencies = (
			);
			name = LeetCode_C;
			productName = LeetCode_C;
			productReference = 4EE440FD1C097D8700F9088E /* LeetCode_C */;
			productType = "com.apple.product-type.tool";
		};
/* End PBXNativeTarget section */

/* Begin PBXProject section */
		4EE440F51C097D8700F9088E /* Project object */ = {
			isa = PBXProject;
			attributes = {
				LastUpgradeCheck = 0800;
				ORGANIZATIONNAME = "JUE DUKE";
				TargetAttributes = {
					4EE440FC1C097D8700F9088E = {
						CreatedOnToolsVersion = 7.0;
					};
				};
			};
			buildConfigurationList = 4EE440F81C097D8700F9088E /* Build configuration list for PBXProject "LeetCode_C" */;
			compatibilityVersion = "Xcode 3.2";
			developmentRegion = English;
			hasScannedForEncodings = 0;
			knownRegions = (
				en,
			);
			mainGroup = 4EE440F41C097D8700F9088E;
			productRefGroup = 4EE440FE1C097D8700F9088E /* Products */;
			projectDirPath = "";
			projectRoot = "";
			targets = (
				4EE440FC1C097D8700F9088E /* LeetCode_C */,
			);
		};
/* End PBXProject section */

/* Begin PBXSourcesBuildPhase section */
		4EE440F91C097D8700F9088E /* Sources */ = {
			isa = PBXSourcesBuildPhase;
			buildActionMask = 2147483647;
			files = (
				4ED5B4A51C1730E500787711 /* NumberArray.c in Sources */,
				4E9BF44B1C2698DF002260D6 /* remove-duplicates-from-sorted-list.c in Sources */,
				4E579AE61C3931E700194C3B /* remove-element.c in Sources */,
				4EBE83921C38EBC1001C1856 /* balanced-binary-tree.c in Sources */,
				4E9BF4521C26AE00002260D6 /* merge-two-sorted-lists.c in Sources */,
				4E9BF4481C2678D8002260D6 /* LinkedList.c in Sources */,
				4E579AE91C395B1200194C3B /* majority-element.c in Sources */,
				4EAC84241C3833A100E9AEB4 /* implement-queue-using-stacks.c in Sources */,
				4E230D131C1F90A30079B81F /* ugly-number.c in Sources */,
				4E9BF4421C2666CF002260D6 /* lowest-common-ancestor-of-a-binary-search-tree.c in Sources */,
				28E980091C0EB3DB00D408F6 /* linked-list.c in Sources */,
				4E85EC4C1C30BA34003D35B4 /* Linked List Cycle II.c in Sources */,
				4E230D191C1F98130079B81F /* excel-sheet-column-title.c in Sources */,
				4E230D1A1C2312B70079B81F /* excel-sheet-column-number.c in Sources */,
				4E94B7961C398ECD00095EDF /* delete-node-in-a-linked-list.c in Sources */,
				4EDDABE01D3BAE6E00627EF6 /* LeetcodeMediumPart.c in Sources */,
				4E94B7991C398FAB00095EDF /* same-tree.c in Sources */,
				4EEBE7A21C3A9E7C00F68B6C /* house-robber.c in Sources */,
				4E94B78D1C398D8800095EDF /* nim-game.c in Sources */,
				4EE441011C097D8700F9088E /* main.c in Sources */,
				4E85EC491C30B3EF003D35B4 /* Linked List Cycle.c in Sources */,
				4E9BF44F1C26ABE0002260D6 /* climbing-stairs.c in Sources */,
				4E230D101C1F8E550079B81F /* power-of-two.c in Sources */,
				4EEBE7A51C3AC86A00F68B6C /* remove-duplicates-from-sorted-array.c in Sources */,
				4E94B7871C39725100095EDF /* roman-to-integer.c in Sources */,
				4E230CE91C1F78DB0079B81F /* Tree.c in Sources */,
				4E9BF4391C263535002260D6 /* valid-anagram.c in Sources */,
				4E9BF43C1C2638EC002260D6 /* compare-version-numbers.c in Sources */,
				4E509D131D2C05DD0075FA2B /* LeetcodeEasyPart.c in Sources */,
				4E9BF4451C2678B1002260D6 /* reverse-linked-list.c in Sources */,
				28A1A5661DC6619900091846 /* LeetcodeHardPart.c in Sources */,
				4E94B7901C398E0000095EDF /* add-digits.c in Sources */,
			);
			runOnlyForDeploymentPostprocessing = 0;
		};
/* End PBXSourcesBuildPhase section */

/* Begin XCBuildConfiguration section */
		4EE441021C097D8700F9088E /* Debug */ = {
			isa = XCBuildConfiguration;
			buildSettings = {
				ALWAYS_SEARCH_USER_PATHS = NO;
				CLANG_CXX_LANGUAGE_STANDARD = "gnu++0x";
				CLANG_CXX_LIBRARY = "libc++";
				CLANG_ENABLE_MODULES = YES;
				CLANG_ENABLE_OBJC_ARC = YES;
				CLANG_WARN_BOOL_CONVERSION = YES;
				CLANG_WARN_CONSTANT_CONVERSION = YES;
				CLANG_WARN_DIRECT_OBJC_ISA_USAGE = YES_ERROR;
				CLANG_WARN_EMPTY_BODY = YES;
				CLANG_WARN_ENUM_CONVERSION = YES;
				CLANG_WARN_INFINITE_RECURSION = YES;
				CLANG_WARN_INT_CONVERSION = YES;
				CLANG_WARN_OBJC_ROOT_CLASS = YES_ERROR;
				CLANG_WARN_SUSPICIOUS_MOVE = YES;
				CLANG_WARN_UNREACHABLE_CODE = YES;
				CLANG_WARN__DUPLICATE_METHOD_MATCH = YES;
				COPY_PHASE_STRIP = NO;
				DEBUG_INFORMATION_FORMAT = dwarf;
				ENABLE_STRICT_OBJC_MSGSEND = YES;
				ENABLE_TESTABILITY = YES;
				GCC_C_LANGUAGE_STANDARD = gnu99;
				GCC_DYNAMIC_NO_PIC = NO;
				GCC_NO_COMMON_BLOCKS = YES;
				GCC_OPTIMIZATION_LEVEL = 0;
				GCC_PREPROCESSOR_DEFINITIONS = (
					"DEBUG=1",
					"$(inherited)",
				);
				GCC_WARN_64_TO_32_BIT_CONVERSION = YES;
				GCC_WARN_ABOUT_RETURN_TYPE = YES_ERROR;
				GCC_WARN_UNDECLARED_SELECTOR = YES;
				GCC_WARN_UNINITIALIZED_AUTOS = YES_AGGRESSIVE;
				GCC_WARN_UNUSED_FUNCTION = YES;
				GCC_WARN_UNUSED_VARIABLE = YES;
				MACOSX_DEPLOYMENT_TARGET = 10.11;
				MTL_ENABLE_DEBUG_INFO = YES;
				ONLY_ACTIVE_ARCH = YES;
				SDKROOT = macosx;
			};
			name = Debug;
		};
		4EE441031C097D8700F9088E /* Release */ = {
			isa = XCBuildConfiguration;
			buildSettings = {
				ALWAYS_SEARCH_USER_PATHS = NO;
				CLANG_CXX_LANGUAGE_STANDARD = "gnu++0x";
				CLANG_CXX_LIBRARY = "libc++";
				CLANG_ENABLE_MODULES = YES;
				CLANG_ENABLE_OBJC_ARC = YES;
				CLANG_WARN_BOOL_CONVERSION = YES;
				CLANG_WARN_CONSTANT_CONVERSION = YES;
				CLANG_WARN_DIRECT_OBJC_ISA_USAGE = YES_ERROR;
				CLANG_WARN_EMPTY_BODY = YES;
				CLANG_WARN_ENUM_CONVERSION = YES;
				CLANG_WARN_INFINITE_RECURSION = YES;
				CLANG_WARN_INT_CONVERSION = YES;
				CLANG_WARN_OBJC_ROOT_CLASS = YES_ERROR;
				CLANG_WARN_SUSPICIOUS_MOVE = YES;
				CLANG_WARN_UNREACHABLE_CODE = YES;
				CLANG_WARN__DUPLICATE_METHOD_MATCH = YES;
				COPY_PHASE_STRIP = NO;
				DEBUG_INFORMATION_FORMAT = "dwarf-with-dsym";
				ENABLE_NS_ASSERTIONS = NO;
				ENABLE_STRICT_OBJC_MSGSEND = YES;
				GCC_C_LANGUAGE_STANDARD = gnu99;
				GCC_NO_COMMON_BLOCKS = YES;
				GCC_WARN_64_TO_32_BIT_CONVERSION = YES;
				GCC_WARN_ABOUT_RETURN_TYPE = YES_ERROR;
				GCC_WARN_UNDECLARED_SELECTOR = YES;
				GCC_WARN_UNINITIALIZED_AUTOS = YES_AGGRESSIVE;
				GCC_WARN_UNUSED_FUNCTION = YES;
				GCC_WARN_UNUSED_VARIABLE = YES;
				MACOSX_DEPLOYMENT_TARGET = 10.11;
				MTL_ENABLE_DEBUG_INFO = NO;
				SDKROOT = macosx;
			};
			name = Release;
		};
		4EE441051C097D8700F9088E /* Debug */ = {
			isa = XCBuildConfiguration;
			buildSettings = {
				PRODUCT_NAME = "$(TARGET_NAME)";
			};
			name = Debug;
		};
		4EE441061C097D8700F9088E /* Release */ = {
			isa = XCBuildConfiguration;
			buildSettings = {
				PRODUCT_NAME = "$(TARGET_NAME)";
			};
			name = Release;
		};
/* End XCBuildConfiguration section */

/* Begin XCConfigurationList section */
		4EE440F81C097D8700F9088E /* Build configuration list for PBXProject "LeetCode_C" */ = {
			isa = XCConfigurationList;
			buildConfigurations = (
				4EE441021C097D8700F9088E /* Debug */,
				4EE441031C097D8700F9088E /* Release */,
			);
			defaultConfigurationIsVisible = 0;
			defaultConfigurationName = Release;
		};
		4EE441041C097D8700F9088E /* Build configuration list for PBXNativeTarget "LeetCode_C" */ = {
			isa = XCConfigurationList;
			buildConfigurations = (
				4EE441051C097D8700F9088E /* Debug */,
				4EE441061C097D8700F9088E /* Release */,
			);
			defaultConfigurationIsVisible = 0;
			defaultConfigurationName = Release;
		};
/* End XCConfigurationList section */
	};
	rootObject = 4EE440F51C097D8700F9088E /* Project object */;
}
